
Microsoft Visual Studio Solution File, Format Version 12.00
# Visual Studio Version 17
VisualStudioVersion = 17.0.31903.59
MinimumVisualStudioVersion = 10.0.40219.1
Project("{FAE04EC0-301F-11D3-BF4B-00C04F79EFBC}") = "AppHost", "AppHost\AppHost.csproj", "{A464B449-ABBF-4385-AFB1-128AE5930F90}"
EndProject
Project("{FAE04EC0-301F-11D3-BF4B-00C04F79EFBC}") = "ServiceDefaults", "ServiceDefaults\ServiceDefaults.csproj", "{75E3249D-A6A9-41E5-B191-EA0C6B882321}"
EndProject
Project("{FAE04EC0-301F-11D3-BF4B-00C04F79EFBC}") = "AuthService.API", "AuthService.API\AuthService.API.csproj", "{74473825-3E04-41FA-9245-966B8EDC83FA}"
EndProject
Project("{FAE04EC0-301F-11D3-BF4B-00C04F79EFBC}") = "Shop.UI", "Shop.UI\Shop.UI.csproj", "{3778506B-3C47-4274-91CC-3D0F9AA5F1D8}"
EndProject
Global
	GlobalSection(SolutionConfigurationPlatforms) = preSolution
		Debug|Any CPU = Debug|Any CPU
		Release|Any CPU = Release|Any CPU
	EndGlobalSection
	GlobalSection(SolutionProperties) = preSolution
		HideSolutionNode = FALSE
	EndGlobalSection
	GlobalSection(ProjectConfigurationPlatforms) = postSolution
		{A464B449-ABBF-4385-AFB1-128AE5930F90}.Debug|Any CPU.ActiveCfg = Debug|Any CPU
		{A464B449-ABBF-4385-AFB1-128AE5930F90}.Debug|Any CPU.Build.0 = Debug|Any CPU
		{A464B449-ABBF-4385-AFB1-128AE5930F90}.Release|Any CPU.ActiveCfg = Release|Any CPU
		{A464B449-ABBF-4385-AFB1-128AE5930F90}.Release|Any CPU.Build.0 = Release|Any CPU
		{75E3249D-A6A9-41E5-B191-EA0C6B882321}.Debug|Any CPU.ActiveCfg = Debug|Any CPU
		{75E3249D-A6A9-41E5-B191-EA0C6B882321}.Debug|Any CPU.Build.0 = Debug|Any CPU
		{75E3249D-A6A9-41E5-B191-EA0C6B882321}.Release|Any CPU.ActiveCfg = Release|Any CPU
		{75E3249D-A6A9-41E5-B191-EA0C6B882321}.Release|Any CPU.Build.0 = Release|Any CPU
		{74473825-3E04-41FA-9245-966B8EDC83FA}.Debug|Any CPU.ActiveCfg = Debug|Any CPU
		{74473825-3E04-41FA-9245-966B8EDC83FA}.Debug|Any CPU.Build.0 = Debug|Any CPU
		{74473825-3E04-41FA-9245-966B8EDC83FA}.Release|Any CPU.ActiveCfg = Release|Any CPU
		{74473825-3E04-41FA-9245-966B8EDC83FA}.Release|Any CPU.Build.0 = Release|Any CPU
		{3778506B-3C47-4274-91CC-3D0F9AA5F1D8}.Debug|Any CPU.ActiveCfg = Debug|Any CPU
		{3778506B-3C47-4274-91CC-3D0F9AA5F1D8}.Debug|Any CPU.Build.0 = Debug|Any CPU
		{3778506B-3C47-4274-91CC-3D0F9AA5F1D8}.Release|Any CPU.ActiveCfg = Release|Any CPU
		{3778506B-3C47-4274-91CC-3D0F9AA5F1D8}.Release|Any CPU.Build.0 = Release|Any CPU
	EndGlobalSection
EndGlobal
